
Microsoft Visual Studio Solution File, Format Version 12.00
# Visual Studio Version 17
VisualStudioVersion = 17.1.32407.343
MinimumVisualStudioVersion = 10.0.40219.1
Project("{8BC9CEB8-8B4A-11D0-8D11-00A0C91BC942}") = "RTSInspectingWindows", "RTSInspectingWindows\RTSInspectingWindows.vcxproj", "{975538E0-CE93-409F-AE2A-C10450353BD2}"
EndProject
Global
	GlobalSection(SolutionConfigurationPlatforms) = preSolution
		Debug|x64 = Debug|x64
		Debug|x86 = Debug|x86
		Release|x64 = Release|x64
		Release|x86 = Release|x86
	EndGlobalSection
	GlobalSection(ProjectConfigurationPlatforms) = postSolution
		{975538E0-CE93-409F-AE2A-C10450353BD2}.Debug|x64.ActiveCfg = Debug|x64
		{975538E0-CE93-409F-AE2A-C10450353BD2}.Debug|x64.Build.0 = Debug|x64
		{975538E0-CE93-409F-AE2A-C10450353BD2}.Debug|x86.ActiveCfg = Debug|Win32
		{975538E0-CE93-409F-AE2A-C10450353BD2}.Debug|x86.Build.0 = Debug|Win32
		{975538E0-CE93-409F-AE2A-C10450353BD2}.Release|x64.ActiveCfg = Release|x64
		{975538E0-CE93-409F-AE2A-C10450353BD2}.Release|x64.Build.0 = Release|x64
		{975538E0-CE93-409F-AE2A-C10450353BD2}.Release|x86.ActiveCfg = Release|Win32
		{975538E0-CE93-409F-AE2A-C10450353BD2}.Release|x86.Build.0 = Release|Win32
	EndGlobalSection
	GlobalSection(SolutionProperties) = preSolution
		HideSolutionNode = FALSE
	EndGlobalSection
	GlobalSection(ExtensibilityGlobals) = postSolution
		SolutionGuid = {07C684B8-B6AE-4B8A-A9F2-CE36C84C6AED}
	EndGlobalSection
EndGlobal
